
Microsoft Visual Studio Solution File, Format Version 12.00
# Visual Studio Version 17
VisualStudioVersion = 17.9.34728.123
MinimumVisualStudioVersion = 10.0.40219.1
Project("{FAE04EC0-301F-11D3-BF4B-00C04F79EFBC}") = "TapAndScroll.Web", "TapAndScroll.Web\TapAndScroll.Web.csproj", "{A312D75C-5717-4AC9-94FA-7290FC608050}"
EndProject
Project("{FAE04EC0-301F-11D3-BF4B-00C04F79EFBC}") = "TapAndScroll.Core", "TapAndScroll.Core\TapAndScroll.Core.csproj", "{E1C97FA6-EA67-474E-9685-CACE470A6B96}"
EndProject
Project("{FAE04EC0-301F-11D3-BF4B-00C04F79EFBC}") = "TapAndScroll.Application", "TapAndScroll.Application\TapAndScroll.Application.csproj", "{C36FB8FC-F956-4EF9-B499-A41303B36071}"
EndProject
Project("{FAE04EC0-301F-11D3-BF4B-00C04F79EFBC}") = "TapAndScroll.Infrastructure", "TapAndScroll.Infrastructure\TapAndScroll.Infrastructure.csproj", "{FEB081A7-7BF9-48E2-BC37-452F1C1860AD}"
EndProject
Global
	GlobalSection(SolutionConfigurationPlatforms) = preSolution
		Debug|Any CPU = Debug|Any CPU
		Release|Any CPU = Release|Any CPU
	EndGlobalSection
	GlobalSection(ProjectConfigurationPlatforms) = postSolution
		{A312D75C-5717-4AC9-94FA-7290FC608050}.Debug|Any CPU.ActiveCfg = Debug|Any CPU
		{A312D75C-5717-4AC9-94FA-7290FC608050}.Debug|Any CPU.Build.0 = Debug|Any CPU
		{A312D75C-5717-4AC9-94FA-7290FC608050}.Release|Any CPU.ActiveCfg = Release|Any CPU
		{A312D75C-5717-4AC9-94FA-7290FC608050}.Release|Any CPU.Build.0 = Release|Any CPU
		{E1C97FA6-EA67-474E-9685-CACE470A6B96}.Debug|Any CPU.ActiveCfg = Debug|Any CPU
		{E1C97FA6-EA67-474E-9685-CACE470A6B96}.Debug|Any CPU.Build.0 = Debug|Any CPU
		{E1C97FA6-EA67-474E-9685-CACE470A6B96}.Release|Any CPU.ActiveCfg = Release|Any CPU
		{E1C97FA6-EA67-474E-9685-CACE470A6B96}.Release|Any CPU.Build.0 = Release|Any CPU
		{C36FB8FC-F956-4EF9-B499-A41303B36071}.Debug|Any CPU.ActiveCfg = Debug|Any CPU
		{C36FB8FC-F956-4EF9-B499-A41303B36071}.Debug|Any CPU.Build.0 = Debug|Any CPU
		{C36FB8FC-F956-4EF9-B499-A41303B36071}.Release|Any CPU.ActiveCfg = Release|Any CPU
		{C36FB8FC-F956-4EF9-B499-A41303B36071}.Release|Any CPU.Build.0 = Release|Any CPU
		{FEB081A7-7BF9-48E2-BC37-452F1C1860AD}.Debug|Any CPU.ActiveCfg = Debug|Any CPU
		{FEB081A7-7BF9-48E2-BC37-452F1C1860AD}.Debug|Any CPU.Build.0 = Debug|Any CPU
		{FEB081A7-7BF9-48E2-BC37-452F1C1860AD}.Release|Any CPU.ActiveCfg = Release|Any CPU
		{FEB081A7-7BF9-48E2-BC37-452F1C1860AD}.Release|Any CPU.Build.0 = Release|Any CPU
	EndGlobalSection
	GlobalSection(SolutionProperties) = preSolution
		HideSolutionNode = FALSE
	EndGlobalSection
	GlobalSection(ExtensibilityGlobals) = postSolution
		SolutionGuid = {E7D24614-FC8E-4B56-BDAA-CA9B479EB16F}
	EndGlobalSection
EndGlobal
